
Microsoft Visual Studio Solution File, Format Version 12.00
# Visual Studio Version 16
VisualStudioVersion = 16.0.32802.440
MinimumVisualStudioVersion = 10.0.40219.1
Project("{FAE04EC0-301F-11D3-BF4B-00C04F79EFBC}") = "OmegaSudoku", "OmegaSudoku\OmegaSudoku.csproj", "{7EDBBAA0-3B80-44A7-9737-2A1CDBC25C43}"
EndProject
Project("{FAE04EC0-301F-11D3-BF4B-00C04F79EFBC}") = "SudokuSolverTesting", "SudokuSolverTesting\SudokuSolverTesting.csproj", "{FCC1D8BC-4831-4F8A-AE52-043C9B2A27CC}"
EndProject
Global
	GlobalSection(SolutionConfigurationPlatforms) = preSolution
		Debug|Any CPU = Debug|Any CPU
		Release|Any CPU = Release|Any CPU
	EndGlobalSection
	GlobalSection(ProjectConfigurationPlatforms) = postSolution
		{7EDBBAA0-3B80-44A7-9737-2A1CDBC25C43}.Debug|Any CPU.ActiveCfg = Debug|Any CPU
		{7EDBBAA0-3B80-44A7-9737-2A1CDBC25C43}.Debug|Any CPU.Build.0 = Debug|Any CPU
		{7EDBBAA0-3B80-44A7-9737-2A1CDBC25C43}.Release|Any CPU.ActiveCfg = Release|Any CPU
		{7EDBBAA0-3B80-44A7-9737-2A1CDBC25C43}.Release|Any CPU.Build.0 = Release|Any CPU
		{FCC1D8BC-4831-4F8A-AE52-043C9B2A27CC}.Debug|Any CPU.ActiveCfg = Debug|Any CPU
		{FCC1D8BC-4831-4F8A-AE52-043C9B2A27CC}.Debug|Any CPU.Build.0 = Debug|Any CPU
		{FCC1D8BC-4831-4F8A-AE52-043C9B2A27CC}.Release|Any CPU.ActiveCfg = Release|Any CPU
		{FCC1D8BC-4831-4F8A-AE52-043C9B2A27CC}.Release|Any CPU.Build.0 = Release|Any CPU
	EndGlobalSection
	GlobalSection(SolutionProperties) = preSolution
		HideSolutionNode = FALSE
	EndGlobalSection
	GlobalSection(ExtensibilityGlobals) = postSolution
		SolutionGuid = {FB6C7377-2885-407F-A708-6245B479066B}
	EndGlobalSection
EndGlobal
